
Microsoft Visual Studio Solution File, Format Version 12.00
# Visual Studio Version 17
VisualStudioVersion = 17.0.31903.59
MinimumVisualStudioVersion = 10.0.40219.1
Project("{2150E333-8FDC-42A3-9474-1A3956D46DE8}") = "src", "src", "{827E0CD3-B72D-47B6-A68D-7590B98EB39B}"
EndProject
Project("{FAE04EC0-301F-11D3-BF4B-00C04F79EFBC}") = "Blog.Domain", "src\Blog.Domain\Blog.Domain.csproj", "{AF4980FA-A678-43B6-8C7C-8C7C48B658AC}"
EndProject
Project("{FAE04EC0-301F-11D3-BF4B-00C04F79EFBC}") = "Blog.Application", "src\Blog.Application\Blog.Application.csproj", "{C4EABDBF-A40C-428D-8C7D-0AB951E6E036}"
EndProject
Project("{FAE04EC0-301F-11D3-BF4B-00C04F79EFBC}") = "Blog.Infrastructure", "src\Blog.Infrastructure\Blog.Infrastructure.csproj", "{A0311C1E-36A3-4B7F-8980-0E5FFDA70B7E}"
EndProject
Project("{FAE04EC0-301F-11D3-BF4B-00C04F79EFBC}") = "Blog.API", "src\Blog.API\Blog.API.csproj", "{AD65B2F9-07C2-429D-A677-2DC569AF77C8}"
EndProject
Project("{2150E333-8FDC-42A3-9474-1A3956D46DE8}") = "tests", "tests", "{0AB3BF05-4346-4AA6-1389-037BE0695223}"
EndProject
Project("{FAE04EC0-301F-11D3-BF4B-00C04F79EFBC}") = "Blog.Domain.Tests", "tests\Blog.Domain.Tests\Blog.Domain.Tests.csproj", "{9921D668-3A72-40B6-870A-21A433409762}"
EndProject
Project("{FAE04EC0-301F-11D3-BF4B-00C04F79EFBC}") = "Blog.Application.Tests", "tests\Blog.Application.Tests\Blog.Application.Tests.csproj", "{45AA3B10-A36D-4C8C-AF44-F71ADB31B0F4}"
EndProject
Project("{FAE04EC0-301F-11D3-BF4B-00C04F79EFBC}") = "Blog.Infrastructure.Tests", "tests\Blog.Infrastructure.Tests\Blog.Infrastructure.Tests.csproj", "{3D3F9E6F-D550-4FF6-971E-D38956191560}"
EndProject
Project("{FAE04EC0-301F-11D3-BF4B-00C04F79EFBC}") = "Blog.API.Tests", "tests\Blog.API.Tests\Blog.API.Tests.csproj", "{A40203DF-75E8-4470-B371-B30BBB66BE98}"
EndProject
Global
	GlobalSection(SolutionConfigurationPlatforms) = preSolution
		Debug|Any CPU = Debug|Any CPU
		Debug|x64 = Debug|x64
		Debug|x86 = Debug|x86
		Release|Any CPU = Release|Any CPU
		Release|x64 = Release|x64
		Release|x86 = Release|x86
	EndGlobalSection
	GlobalSection(ProjectConfigurationPlatforms) = postSolution
		{AF4980FA-A678-43B6-8C7C-8C7C48B658AC}.Debug|Any CPU.ActiveCfg = Debug|Any CPU
		{AF4980FA-A678-43B6-8C7C-8C7C48B658AC}.Debug|Any CPU.Build.0 = Debug|Any CPU
		{AF4980FA-A678-43B6-8C7C-8C7C48B658AC}.Debug|x64.ActiveCfg = Debug|Any CPU
		{AF4980FA-A678-43B6-8C7C-8C7C48B658AC}.Debug|x64.Build.0 = Debug|Any CPU
		{AF4980FA-A678-43B6-8C7C-8C7C48B658AC}.Debug|x86.ActiveCfg = Debug|Any CPU
		{AF4980FA-A678-43B6-8C7C-8C7C48B658AC}.Debug|x86.Build.0 = Debug|Any CPU
		{AF4980FA-A678-43B6-8C7C-8C7C48B658AC}.Release|Any CPU.ActiveCfg = Release|Any CPU
		{AF4980FA-A678-43B6-8C7C-8C7C48B658AC}.Release|Any CPU.Build.0 = Release|Any CPU
		{AF4980FA-A678-43B6-8C7C-8C7C48B658AC}.Release|x64.ActiveCfg = Release|Any CPU
		{AF4980FA-A678-43B6-8C7C-8C7C48B658AC}.Release|x64.Build.0 = Release|Any CPU
		{AF4980FA-A678-43B6-8C7C-8C7C48B658AC}.Release|x86.ActiveCfg = Release|Any CPU
		{AF4980FA-A678-43B6-8C7C-8C7C48B658AC}.Release|x86.Build.0 = Release|Any CPU
		{C4EABDBF-A40C-428D-8C7D-0AB951E6E036}.Debug|Any CPU.ActiveCfg = Debug|Any CPU
		{C4EABDBF-A40C-428D-8C7D-0AB951E6E036}.Debug|Any CPU.Build.0 = Debug|Any CPU
		{C4EABDBF-A40C-428D-8C7D-0AB951E6E036}.Debug|x64.ActiveCfg = Debug|Any CPU
		{C4EABDBF-A40C-428D-8C7D-0AB951E6E036}.Debug|x64.Build.0 = Debug|Any CPU
		{C4EABDBF-A40C-428D-8C7D-0AB951E6E036}.Debug|x86.ActiveCfg = Debug|Any CPU
		{C4EABDBF-A40C-428D-8C7D-0AB951E6E036}.Debug|x86.Build.0 = Debug|Any CPU
		{C4EABDBF-A40C-428D-8C7D-0AB951E6E036}.Release|Any CPU.ActiveCfg = Release|Any CPU
		{C4EABDBF-A40C-428D-8C7D-0AB951E6E036}.Release|Any CPU.Build.0 = Release|Any CPU
		{C4EABDBF-A40C-428D-8C7D-0AB951E6E036}.Release|x64.ActiveCfg = Release|Any CPU
		{C4EABDBF-A40C-428D-8C7D-0AB951E6E036}.Release|x64.Build.0 = Release|Any CPU
		{C4EABDBF-A40C-428D-8C7D-0AB951E6E036}.Release|x86.ActiveCfg = Release|Any CPU
		{C4EABDBF-A40C-428D-8C7D-0AB951E6E036}.Release|x86.Build.0 = Release|Any CPU
		{A0311C1E-36A3-4B7F-8980-0E5FFDA70B7E}.Debug|Any CPU.ActiveCfg = Debug|Any CPU
		{A0311C1E-36A3-4B7F-8980-0E5FFDA70B7E}.Debug|Any CPU.Build.0 = Debug|Any CPU
		{A0311C1E-36A3-4B7F-8980-0E5FFDA70B7E}.Debug|x64.ActiveCfg = Debug|Any CPU
		{A0311C1E-36A3-4B7F-8980-0E5FFDA70B7E}.Debug|x64.Build.0 = Debug|Any CPU
		{A0311C1E-36A3-4B7F-8980-0E5FFDA70B7E}.Debug|x86.ActiveCfg = Debug|Any CPU
		{A0311C1E-36A3-4B7F-8980-0E5FFDA70B7E}.Debug|x86.Build.0 = Debug|Any CPU
		{A0311C1E-36A3-4B7F-8980-0E5FFDA70B7E}.Release|Any CPU.ActiveCfg = Release|Any CPU
		{A0311C1E-36A3-4B7F-8980-0E5FFDA70B7E}.Release|Any CPU.Build.0 = Release|Any CPU
		{A0311C1E-36A3-4B7F-8980-0E5FFDA70B7E}.Release|x64.ActiveCfg = Release|Any CPU
		{A0311C1E-36A3-4B7F-8980-0E5FFDA70B7E}.Release|x64.Build.0 = Release|Any CPU
		{A0311C1E-36A3-4B7F-8980-0E5FFDA70B7E}.Release|x86.ActiveCfg = Release|Any CPU
		{A0311C1E-36A3-4B7F-8980-0E5FFDA70B7E}.Release|x86.Build.0 = Release|Any CPU
		{AD65B2F9-07C2-429D-A677-2DC569AF77C8}.Debug|Any CPU.ActiveCfg = Debug|Any CPU
		{AD65B2F9-07C2-429D-A677-2DC569AF77C8}.Debug|Any CPU.Build.0 = Debug|Any CPU
		{AD65B2F9-07C2-429D-A677-2DC569AF77C8}.Debug|x64.ActiveCfg = Debug|Any CPU
		{AD65B2F9-07C2-429D-A677-2DC569AF77C8}.Debug|x64.Build.0 = Debug|Any CPU
		{AD65B2F9-07C2-429D-A677-2DC569AF77C8}.Debug|x86.ActiveCfg = Debug|Any CPU
		{AD65B2F9-07C2-429D-A677-2DC569AF77C8}.Debug|x86.Build.0 = Debug|Any CPU
		{AD65B2F9-07C2-429D-A677-2DC569AF77C8}.Release|Any CPU.ActiveCfg = Release|Any CPU
		{AD65B2F9-07C2-429D-A677-2DC569AF77C8}.Release|Any CPU.Build.0 = Release|Any CPU
		{AD65B2F9-07C2-429D-A677-2DC569AF77C8}.Release|x64.ActiveCfg = Release|Any CPU
		{AD65B2F9-07C2-429D-A677-2DC569AF77C8}.Release|x64.Build.0 = Release|Any CPU
		{AD65B2F9-07C2-429D-A677-2DC569AF77C8}.Release|x86.ActiveCfg = Release|Any CPU
		{AD65B2F9-07C2-429D-A677-2DC569AF77C8}.Release|x86.Build.0 = Release|Any CPU
		{9921D668-3A72-40B6-870A-21A433409762}.Debug|Any CPU.ActiveCfg = Debug|Any CPU
		{9921D668-3A72-40B6-870A-21A433409762}.Debug|Any CPU.Build.0 = Debug|Any CPU
		{9921D668-3A72-40B6-870A-21A433409762}.Debug|x64.ActiveCfg = Debug|Any CPU
		{9921D668-3A72-40B6-870A-21A433409762}.Debug|x64.Build.0 = Debug|Any CPU
		{9921D668-3A72-40B6-870A-21A433409762}.Debug|x86.ActiveCfg = Debug|Any CPU
		{9921D668-3A72-40B6-870A-21A433409762}.Debug|x86.Build.0 = Debug|Any CPU
		{9921D668-3A72-40B6-870A-21A433409762}.Release|Any CPU.ActiveCfg = Release|Any CPU
		{9921D668-3A72-40B6-870A-21A433409762}.Release|Any CPU.Build.0 = Release|Any CPU
		{9921D668-3A72-40B6-870A-21A433409762}.Release|x64.ActiveCfg = Release|Any CPU
		{9921D668-3A72-40B6-870A-21A433409762}.Release|x64.Build.0 = Release|Any CPU
		{9921D668-3A72-40B6-870A-21A433409762}.Release|x86.ActiveCfg = Release|Any CPU
		{9921D668-3A72-40B6-870A-21A433409762}.Release|x86.Build.0 = Release|Any CPU
		{45AA3B10-A36D-4C8C-AF44-F71ADB31B0F4}.Debug|Any CPU.ActiveCfg = Debug|Any CPU
		{45AA3B10-A36D-4C8C-AF44-F71ADB31B0F4}.Debug|Any CPU.Build.0 = Debug|Any CPU
		{45AA3B10-A36D-4C8C-AF44-F71ADB31B0F4}.Debug|x64.ActiveCfg = Debug|Any CPU
		{45AA3B10-A36D-4C8C-AF44-F71ADB31B0F4}.Debug|x64.Build.0 = Debug|Any CPU
		{45AA3B10-A36D-4C8C-AF44-F71ADB31B0F4}.Debug|x86.ActiveCfg = Debug|Any CPU
		{45AA3B10-A36D-4C8C-AF44-F71ADB31B0F4}.Debug|x86.Build.0 = Debug|Any CPU
		{45AA3B10-A36D-4C8C-AF44-F71ADB31B0F4}.Release|Any CPU.ActiveCfg = Release|Any CPU
		{45AA3B10-A36D-4C8C-AF44-F71ADB31B0F4}.Release|Any CPU.Build.0 = Release|Any CPU
		{45AA3B10-A36D-4C8C-AF44-F71ADB31B0F4}.Release|x64.ActiveCfg = Release|Any CPU
		{45AA3B10-A36D-4C8C-AF44-F71ADB31B0F4}.Release|x64.Build.0 = Release|Any CPU
		{45AA3B10-A36D-4C8C-AF44-F71ADB31B0F4}.Release|x86.ActiveCfg = Release|Any CPU
		{45AA3B10-A36D-4C8C-AF44-F71ADB31B0F4}.Release|x86.Build.0 = Release|Any CPU
		{3D3F9E6F-D550-4FF6-971E-D38956191560}.Debug|Any CPU.ActiveCfg = Debug|Any CPU
		{3D3F9E6F-D550-4FF6-971E-D38956191560}.Debug|Any CPU.Build.0 = Debug|Any CPU
		{3D3F9E6F-D550-4FF6-971E-D38956191560}.Debug|x64.ActiveCfg = Debug|Any CPU
		{3D3F9E6F-D550-4FF6-971E-D38956191560}.Debug|x64.Build.0 = Debug|Any CPU
		{3D3F9E6F-D550-4FF6-971E-D38956191560}.Debug|x86.ActiveCfg = Debug|Any CPU
		{3D3F9E6F-D550-4FF6-971E-D38956191560}.Debug|x86.Build.0 = Debug|Any CPU
		{3D3F9E6F-D550-4FF6-971E-D38956191560}.Release|Any CPU.ActiveCfg = Release|Any CPU
		{3D3F9E6F-D550-4FF6-971E-D38956191560}.Release|Any CPU.Build.0 = Release|Any CPU
		{3D3F9E6F-D550-4FF6-971E-D38956191560}.Release|x64.ActiveCfg = Release|Any CPU
		{3D3F9E6F-D550-4FF6-971E-D38956191560}.Release|x64.Build.0 = Release|Any CPU
		{3D3F9E6F-D550-4FF6-971E-D38956191560}.Release|x86.ActiveCfg = Release|Any CPU
		{3D3F9E6F-D550-4FF6-971E-D38956191560}.Release|x86.Build.0 = Release|Any CPU
		{A40203DF-75E8-4470-B371-B30BBB66BE98}.Debug|Any CPU.ActiveCfg = Debug|Any CPU
		{A40203DF-75E8-4470-B371-B30BBB66BE98}.Debug|Any CPU.Build.0 = Debug|Any CPU
		{A40203DF-75E8-4470-B371-B30BBB66BE98}.Debug|x64.ActiveCfg = Debug|Any CPU
		{A40203DF-75E8-4470-B371-B30BBB66BE98}.Debug|x64.Build.0 = Debug|Any CPU
		{A40203DF-75E8-4470-B371-B30BBB66BE98}.Debug|x86.ActiveCfg = Debug|Any CPU
		{A40203DF-75E8-4470-B371-B30BBB66BE98}.Debug|x86.Build.0 = Debug|Any CPU
		{A40203DF-75E8-4470-B371-B30BBB66BE98}.Release|Any CPU.ActiveCfg = Release|Any CPU
		{A40203DF-75E8-4470-B371-B30BBB66BE98}.Release|Any CPU.Build.0 = Release|Any CPU
		{A40203DF-75E8-4470-B371-B30BBB66BE98}.Release|x64.ActiveCfg = Release|Any CPU
		{A40203DF-75E8-4470-B371-B30BBB66BE98}.Release|x64.Build.0 = Release|Any CPU
		{A40203DF-75E8-4470-B371-B30BBB66BE98}.Release|x86.ActiveCfg = Release|Any CPU
		{A40203DF-75E8-4470-B371-B30BBB66BE98}.Release|x86.Build.0 = Release|Any CPU
	EndGlobalSection
	GlobalSection(SolutionProperties) = preSolution
		HideSolutionNode = FALSE
	EndGlobalSection
	GlobalSection(NestedProjects) = preSolution
		{AF4980FA-A678-43B6-8C7C-8C7C48B658AC} = {827E0CD3-B72D-47B6-A68D-7590B98EB39B}
		{C4EABDBF-A40C-428D-8C7D-0AB951E6E036} = {827E0CD3-B72D-47B6-A68D-7590B98EB39B}
		{A0311C1E-36A3-4B7F-8980-0E5FFDA70B7E} = {827E0CD3-B72D-47B6-A68D-7590B98EB39B}
		{AD65B2F9-07C2-429D-A677-2DC569AF77C8} = {827E0CD3-B72D-47B6-A68D-7590B98EB39B}
		{9921D668-3A72-40B6-870A-21A433409762} = {0AB3BF05-4346-4AA6-1389-037BE0695223}
		{45AA3B10-A36D-4C8C-AF44-F71ADB31B0F4} = {0AB3BF05-4346-4AA6-1389-037BE0695223}
		{3D3F9E6F-D550-4FF6-971E-D38956191560} = {0AB3BF05-4346-4AA6-1389-037BE0695223}
		{A40203DF-75E8-4470-B371-B30BBB66BE98} = {0AB3BF05-4346-4AA6-1389-037BE0695223}
	EndGlobalSection
EndGlobal
